{
    "name": "pyright",
    "version": "1.0.4",
    "lockfileVersion": 1,
    "requires": true,
    "dependencies": {
        "@types/mocha": {
            "version": "5.2.6",
            "resolved": "https://registry.npmjs.org/@types/mocha/-/mocha-5.2.6.tgz",
            "integrity": "sha512-1axi39YdtBI7z957vdqXI4Ac25e7YihYQtJa+Clnxg1zTJEaIRbndt71O3sP4GAMgiAm0pY26/b9BrY4MR/PMw==",
            "dev": true
        },
        "@types/node": {
            "version": "11.10.5",
            "resolved": "https://registry.npmjs.org/@types/node/-/node-11.10.5.tgz",
            "integrity": "sha512-DuIRlQbX4K+d5I+GMnv+UfnGh+ist0RdlvOp+JZ7ePJ6KQONCFQv/gKYSU1ZzbVdFSUCKZOltjmpFAGGv5MdYA==",
            "dev": true
        },
        "typescript": {
            "version": "3.3.3333",
            "resolved": "https://registry.npmjs.org/typescript/-/typescript-3.3.3333.tgz",
            "integrity": "sha512-JjSKsAfuHBE/fB2oZ8NxtRTk5iGcg6hkYXMnZ3Wc+b2RSqejEqTaem11mHASMnFilHrax3sLK0GDzcJrekZYLw==",
            "dev": true
        }
    }
}
