# This file is @generated by PDM.
# It is not intended for manual editing.

[metadata]
groups = ["default", "dev"]
strategy = ["cross_platform", "inherit_metadata"]
lock_version = "4.4.1"
content_hash = "sha256:b54e5de2309b06990a20aa2e65d0214fed4936658f0fd43e9750dcd19b253878"

[[package]]
name = "astroid"
version = "3.0.2"
requires_python = ">=3.8.0"
summary = "An abstract syntax tree for Python with inference support."
groups = ["dev"]
dependencies = [
    "typing-extensions>=4.0.0; python_version < \"3.11\"",
]
files = [
    {file = "astroid-3.0.2-py3-none-any.whl", hash = "sha256:d6e62862355f60e716164082d6b4b041d38e2a8cf1c7cd953ded5108bac8ff5c"},
    {file = "astroid-3.0.2.tar.gz", hash = "sha256:4a61cf0a59097c7bb52689b0fd63717cd2a8a14dc9f1eee97b82d814881c8c91"},
]

[[package]]
name = "colorama"
version = "0.4.6"
requires_python = "!=3.0.*,!=3.1.*,!=3.2.*,!=3.3.*,!=3.4.*,!=3.5.*,!=3.6.*,>=2.7"
summary = "Cross-platform colored terminal text."
groups = ["dev"]
marker = "sys_platform == \"win32\""
files = [
    {file = "colorama-0.4.6-py2.py3-none-any.whl", hash = "sha256:4f1d9991f5acc0ca119f9d443620b77f9d6b33703e51011c16baf57afb285fc6"},
    {file = "colorama-0.4.6.tar.gz", hash = "sha256:08695f5cb7ed6e0531a20572697297273c47b8cae5a63ffc6d6ed5c201be6e44"},
]

[[package]]
name = "dill"
version = "0.3.7"
requires_python = ">=3.7"
summary = "serialize all of Python"
groups = ["dev"]
files = [
    {file = "dill-0.3.7-py3-none-any.whl", hash = "sha256:76b122c08ef4ce2eedcd4d1abd8e641114bfc6c2867f49f3c41facf65bf19f5e"},
    {file = "dill-0.3.7.tar.gz", hash = "sha256:cc1c8b182eb3013e24bd475ff2e9295af86c1a38eb1aff128dac8962a9ce3c03"},
]

[[package]]
name = "isort"
version = "5.13.2"
requires_python = ">=3.8.0"
summary = "A Python utility / library to sort Python imports."
groups = ["dev"]
files = [
    {file = "isort-5.13.2-py3-none-any.whl", hash = "sha256:8ca5e72a8d85860d5a3fa69b8745237f2939afe12dbf656afbcb47fe72d947a6"},
    {file = "isort-5.13.2.tar.gz", hash = "sha256:48fdfcb9face5d58a4f6dde2e72a1fb8dcaf8ab26f95ab49fab84c2ddefb0109"},
]

[[package]]
name = "mccabe"
version = "0.7.0"
requires_python = ">=3.6"
summary = "McCabe checker, plugin for flake8"
groups = ["dev"]
files = [
    {file = "mccabe-0.7.0-py2.py3-none-any.whl", hash = "sha256:6c2d30ab6be0e4a46919781807b4f0d834ebdd6c6e3dca0bda5a15f863427b6e"},
    {file = "mccabe-0.7.0.tar.gz", hash = "sha256:348e0240c33b60bbdf4e523192ef919f28cb2c3d7d5c7794f74009290f236325"},
]

[[package]]
name = "nodejs-bin"
version = "18.4.0a4"
requires_python = "~=3.5"
summary = "       Node.js is an open-source, cross-platform, back-end JavaScript\nruntime environment that runs on the V8 engine and executes JavaScript code\noutside a web browser."
groups = ["default"]
files = [
    {file = "nodejs_bin-18.4.0a4-py3-none-macosx_10_9_x86_64.whl", hash = "sha256:16cb1abf7fe8c11c574e1e474d9f934a0df49a480290eae6e733d8bb09512e22"},
    {file = "nodejs_bin-18.4.0a4-py3-none-macosx_11_0_arm64.whl", hash = "sha256:068ca987ed83ea1123775fafe5dc22d8f2ff920d7d31571e1bfe6fb1093833eb"},
    {file = "nodejs_bin-18.4.0a4-py3-none-manylinux_2_12_x86_64.manylinux2010_x86_64.whl", hash = "sha256:06cfeaa4d26eec94d8edb9927525ce94eb96dadc81f7d1daed42d1a7d003a4c9"},
    {file = "nodejs_bin-18.4.0a4-py3-none-manylinux_2_17_aarch64.manylinux2014_aarch64.whl", hash = "sha256:431ee3529f4fb226ddcfd4f14cb37e7df31238c42dfd051f4bf8f0c21029b133"},
    {file = "nodejs_bin-18.4.0a4-py3-none-manylinux_2_17_armv7l.manylinux2014_armv7l.whl", hash = "sha256:21f1f77ddc8fe05353bb6d6ee8e5a62edb3a8dcdb2740a5f9307fd8d9eef6691"},
    {file = "nodejs_bin-18.4.0a4-py3-none-win32.whl", hash = "sha256:59671fdc563dabb8be8a0b6dae4169d780482b3c9e0fba3f9aa2b7ee8d2261ac"},
    {file = "nodejs_bin-18.4.0a4-py3-none-win_amd64.whl", hash = "sha256:cbd509218b4b17f75ee7841f9c21d5cacc1626d3b823a652a6627dbad18228ec"},
]

[[package]]
name = "platformdirs"
version = "4.1.0"
requires_python = ">=3.8"
summary = "A small Python package for determining appropriate platform-specific dirs, e.g. a \"user data dir\"."
groups = ["dev"]
files = [
    {file = "platformdirs-4.1.0-py3-none-any.whl", hash = "sha256:11c8f37bcca40db96d8144522d925583bdb7a31f7b0e37e3ed4318400a8e2380"},
    {file = "platformdirs-4.1.0.tar.gz", hash = "sha256:906d548203468492d432bcb294d4bc2fff751bf84971fbb2c10918cc206ee420"},
]

[[package]]
name = "pylint"
version = "3.0.3"
requires_python = ">=3.8.0"
summary = "python code static checker"
groups = ["dev"]
dependencies = [
    "astroid<=3.1.0-dev0,>=3.0.1",
    "colorama>=0.4.5; sys_platform == \"win32\"",
    "dill>=0.2; python_version < \"3.11\"",
    "dill>=0.3.6; python_version >= \"3.11\"",
    "dill>=0.3.7; python_version >= \"3.12\"",
    "isort!=5.13.0,<6,>=4.2.5",
    "mccabe<0.8,>=0.6",
    "platformdirs>=2.2.0",
    "tomli>=1.1.0; python_version < \"3.11\"",
    "tomlkit>=0.10.1",
    "typing-extensions>=3.10.0; python_version < \"3.10\"",
]
files = [
    {file = "pylint-3.0.3-py3-none-any.whl", hash = "sha256:7a1585285aefc5165db81083c3e06363a27448f6b467b3b0f30dbd0ac1f73810"},
    {file = "pylint-3.0.3.tar.gz", hash = "sha256:58c2398b0301e049609a8429789ec6edf3aabe9b6c5fec916acd18639c16de8b"},
]

[[package]]
name = "ruff"
version = "0.2.2"
requires_python = ">=3.7"
summary = "An extremely fast Python linter and code formatter, written in Rust."
groups = ["dev"]
files = [
    {file = "ruff-0.2.2-py3-none-macosx_10_12_x86_64.macosx_11_0_arm64.macosx_10_12_universal2.whl", hash = "sha256:0a9efb032855ffb3c21f6405751d5e147b0c6b631e3ca3f6b20f917572b97eb6"},
    {file = "ruff-0.2.2-py3-none-macosx_10_12_x86_64.whl", hash = "sha256:d450b7fbff85913f866a5384d8912710936e2b96da74541c82c1b458472ddb39"},
    {file = "ruff-0.2.2-py3-none-manylinux_2_17_aarch64.manylinux2014_aarch64.whl", hash = "sha256:ecd46e3106850a5c26aee114e562c329f9a1fbe9e4821b008c4404f64ff9ce73"},
    {file = "ruff-0.2.2-py3-none-manylinux_2_17_armv7l.manylinux2014_armv7l.whl", hash = "sha256:5e22676a5b875bd72acd3d11d5fa9075d3a5f53b877fe7b4793e4673499318ba"},
    {file = "ruff-0.2.2-py3-none-manylinux_2_17_i686.manylinux2014_i686.whl", hash = "sha256:1695700d1e25a99d28f7a1636d85bafcc5030bba9d0578c0781ba1790dbcf51c"},
    {file = "ruff-0.2.2-py3-none-manylinux_2_17_ppc64.manylinux2014_ppc64.whl", hash = "sha256:b0c232af3d0bd8f521806223723456ffebf8e323bd1e4e82b0befb20ba18388e"},
    {file = "ruff-0.2.2-py3-none-manylinux_2_17_ppc64le.manylinux2014_ppc64le.whl", hash = "sha256:f63d96494eeec2fc70d909393bcd76c69f35334cdbd9e20d089fb3f0640216ca"},
    {file = "ruff-0.2.2-py3-none-manylinux_2_17_s390x.manylinux2014_s390x.whl", hash = "sha256:6a61ea0ff048e06de273b2e45bd72629f470f5da8f71daf09fe481278b175001"},
    {file = "ruff-0.2.2-py3-none-manylinux_2_17_x86_64.manylinux2014_x86_64.whl", hash = "sha256:5e1439c8f407e4f356470e54cdecdca1bd5439a0673792dbe34a2b0a551a2fe3"},
    {file = "ruff-0.2.2-py3-none-musllinux_1_2_aarch64.whl", hash = "sha256:940de32dc8853eba0f67f7198b3e79bc6ba95c2edbfdfac2144c8235114d6726"},
    {file = "ruff-0.2.2-py3-none-musllinux_1_2_armv7l.whl", hash = "sha256:0c126da55c38dd917621552ab430213bdb3273bb10ddb67bc4b761989210eb6e"},
    {file = "ruff-0.2.2-py3-none-musllinux_1_2_i686.whl", hash = "sha256:3b65494f7e4bed2e74110dac1f0d17dc8e1f42faaa784e7c58a98e335ec83d7e"},
    {file = "ruff-0.2.2-py3-none-musllinux_1_2_x86_64.whl", hash = "sha256:1ec49be4fe6ddac0503833f3ed8930528e26d1e60ad35c2446da372d16651ce9"},
    {file = "ruff-0.2.2-py3-none-win32.whl", hash = "sha256:d920499b576f6c68295bc04e7b17b6544d9d05f196bb3aac4358792ef6f34325"},
    {file = "ruff-0.2.2-py3-none-win_amd64.whl", hash = "sha256:cc9a91ae137d687f43a44c900e5d95e9617cb37d4c989e462980ba27039d239d"},
    {file = "ruff-0.2.2-py3-none-win_arm64.whl", hash = "sha256:c9d15fc41e6054bfc7200478720570078f0b41c9ae4f010bcc16bd6f4d1aacdd"},
    {file = "ruff-0.2.2.tar.gz", hash = "sha256:e62ed7f36b3068a30ba39193a14274cd706bc486fad521276458022f7bccb31d"},
]

[[package]]
name = "tomli"
version = "2.0.1"
requires_python = ">=3.7"
summary = "A lil' TOML parser"
groups = ["dev"]
marker = "python_version < \"3.11\""
files = [
    {file = "tomli-2.0.1-py3-none-any.whl", hash = "sha256:939de3e7a6161af0c887ef91b7d41a53e7c5a1ca976325f429cb46ea9bc30ecc"},
    {file = "tomli-2.0.1.tar.gz", hash = "sha256:de526c12914f0c550d15924c62d72abc48d6fe7364aa87328337a31007fe8a4f"},
]

[[package]]
name = "tomlkit"
version = "0.12.3"
requires_python = ">=3.7"
summary = "Style preserving TOML library"
groups = ["dev"]
files = [
    {file = "tomlkit-0.12.3-py3-none-any.whl", hash = "sha256:b0a645a9156dc7cb5d3a1f0d4bab66db287fcb8e0430bdd4664a095ea16414ba"},
    {file = "tomlkit-0.12.3.tar.gz", hash = "sha256:75baf5012d06501f07bee5bf8e801b9f343e7aac5a92581f20f80ce632e6b5a4"},
]

[[package]]
name = "typing-extensions"
version = "4.9.0"
requires_python = ">=3.8"
summary = "Backported and Experimental Type Hints for Python 3.8+"
groups = ["dev"]
marker = "python_version < \"3.11\""
files = [
    {file = "typing_extensions-4.9.0-py3-none-any.whl", hash = "sha256:af72aea155e91adfc61c3ae9e0e342dbc0cba726d6cba4b6c72c1f34e47291cd"},
    {file = "typing_extensions-4.9.0.tar.gz", hash = "sha256:23478f88c37f27d76ac8aee6c905017a143b0b1b886c3c9f66bc2fd94f9f5783"},
]
