# This file is @generated by PDM.
# It is not intended for manual editing.

[metadata]
groups = ["default"]
strategy = ["cross_platform", "inherit_metadata"]
lock_version = "4.4.1"
content_hash = "sha256:b15d5f94f9ae3c567c12f1b4e97f1002b452d978d777cb753000fed1f850df87"

[[package]]
name = "nodejs-bin"
version = "18.4.0a4"
requires_python = "~=3.5"
summary = "       Node.js is an open-source, cross-platform, back-end JavaScript\nruntime environment that runs on the V8 engine and executes JavaScript code\noutside a web browser."
groups = ["default"]
files = [
    {file = "nodejs_bin-18.4.0a4-py3-none-macosx_10_9_x86_64.whl", hash = "sha256:16cb1abf7fe8c11c574e1e474d9f934a0df49a480290eae6e733d8bb09512e22"},
    {file = "nodejs_bin-18.4.0a4-py3-none-macosx_11_0_arm64.whl", hash = "sha256:068ca987ed83ea1123775fafe5dc22d8f2ff920d7d31571e1bfe6fb1093833eb"},
    {file = "nodejs_bin-18.4.0a4-py3-none-manylinux_2_12_x86_64.manylinux2010_x86_64.whl", hash = "sha256:06cfeaa4d26eec94d8edb9927525ce94eb96dadc81f7d1daed42d1a7d003a4c9"},
    {file = "nodejs_bin-18.4.0a4-py3-none-manylinux_2_17_aarch64.manylinux2014_aarch64.whl", hash = "sha256:431ee3529f4fb226ddcfd4f14cb37e7df31238c42dfd051f4bf8f0c21029b133"},
    {file = "nodejs_bin-18.4.0a4-py3-none-manylinux_2_17_armv7l.manylinux2014_armv7l.whl", hash = "sha256:21f1f77ddc8fe05353bb6d6ee8e5a62edb3a8dcdb2740a5f9307fd8d9eef6691"},
    {file = "nodejs_bin-18.4.0a4-py3-none-win32.whl", hash = "sha256:59671fdc563dabb8be8a0b6dae4169d780482b3c9e0fba3f9aa2b7ee8d2261ac"},
    {file = "nodejs_bin-18.4.0a4-py3-none-win_amd64.whl", hash = "sha256:cbd509218b4b17f75ee7841f9c21d5cacc1626d3b823a652a6627dbad18228ec"},
]
